
Microsoft Visual Studio Solution File, Format Version 12.00
# Visual Studio Version 16
VisualStudioVersion = 16.0.32802.440
MinimumVisualStudioVersion = 10.0.40219.1
Project("{FAE04EC0-301F-11D3-BF4B-00C04F79EFBC}") = "GUI", "QuanLyCongTy\GUI.csproj", "{67E38F30-8D46-4FFA-A4C3-F979FF2841AB}"
EndProject
Project("{FAE04EC0-301F-11D3-BF4B-00C04F79EFBC}") = "BUS", "BUS\BUS.csproj", "{C1E15D9E-3C17-4C63-90A4-7704B1E8AE30}"
EndProject
Project("{FAE04EC0-301F-11D3-BF4B-00C04F79EFBC}") = "DAL", "DAL\DAL.csproj", "{F172522C-69F1-42E9-B7D2-F626C66CACB3}"
EndProject
Project("{FAE04EC0-301F-11D3-BF4B-00C04F79EFBC}") = "DTO", "DTO\DTO.csproj", "{E302C2EE-8593-407D-A891-1057D31E3632}"
EndProject
Global
	GlobalSection(SolutionConfigurationPlatforms) = preSolution
		Debug|Any CPU = Debug|Any CPU
		Release|Any CPU = Release|Any CPU
	EndGlobalSection
	GlobalSection(ProjectConfigurationPlatforms) = postSolution
		{67E38F30-8D46-4FFA-A4C3-F979FF2841AB}.Debug|Any CPU.ActiveCfg = Debug|Any CPU
		{67E38F30-8D46-4FFA-A4C3-F979FF2841AB}.Debug|Any CPU.Build.0 = Debug|Any CPU
		{67E38F30-8D46-4FFA-A4C3-F979FF2841AB}.Release|Any CPU.ActiveCfg = Release|Any CPU
		{67E38F30-8D46-4FFA-A4C3-F979FF2841AB}.Release|Any CPU.Build.0 = Release|Any CPU
		{C1E15D9E-3C17-4C63-90A4-7704B1E8AE30}.Debug|Any CPU.ActiveCfg = Debug|Any CPU
		{C1E15D9E-3C17-4C63-90A4-7704B1E8AE30}.Debug|Any CPU.Build.0 = Debug|Any CPU
		{C1E15D9E-3C17-4C63-90A4-7704B1E8AE30}.Release|Any CPU.ActiveCfg = Release|Any CPU
		{C1E15D9E-3C17-4C63-90A4-7704B1E8AE30}.Release|Any CPU.Build.0 = Release|Any CPU
		{F172522C-69F1-42E9-B7D2-F626C66CACB3}.Debug|Any CPU.ActiveCfg = Debug|Any CPU
		{F172522C-69F1-42E9-B7D2-F626C66CACB3}.Debug|Any CPU.Build.0 = Debug|Any CPU
		{F172522C-69F1-42E9-B7D2-F626C66CACB3}.Release|Any CPU.ActiveCfg = Release|Any CPU
		{F172522C-69F1-42E9-B7D2-F626C66CACB3}.Release|Any CPU.Build.0 = Release|Any CPU
		{E302C2EE-8593-407D-A891-1057D31E3632}.Debug|Any CPU.ActiveCfg = Debug|Any CPU
		{E302C2EE-8593-407D-A891-1057D31E3632}.Debug|Any CPU.Build.0 = Debug|Any CPU
		{E302C2EE-8593-407D-A891-1057D31E3632}.Release|Any CPU.ActiveCfg = Release|Any CPU
		{E302C2EE-8593-407D-A891-1057D31E3632}.Release|Any CPU.Build.0 = Release|Any CPU
	EndGlobalSection
	GlobalSection(SolutionProperties) = preSolution
		HideSolutionNode = FALSE
	EndGlobalSection
	GlobalSection(ExtensibilityGlobals) = postSolution
		SolutionGuid = {939AEED1-E6A1-406F-B8DA-570252705C34}
	EndGlobalSection
EndGlobal
